
Microsoft Visual Studio Solution File, Format Version 12.00
# Visual Studio Version 16
VisualStudioVersion = 16.0.31112.23
MinimumVisualStudioVersion = 10.0.40219.1
Project("{FAE04EC0-301F-11D3-BF4B-00C04F79EFBC}") = "My.Fideliza.Functions", "My.Fideliza.Functions\My.Fideliza.Functions.csproj", "{19658E9E-7D20-4C49-97A5-5F5CF7B27CC5}"
EndProject
Global
	GlobalSection(SolutionConfigurationPlatforms) = preSolution
		Debug|Any CPU = Debug|Any CPU
		Release|Any CPU = Release|Any CPU
	EndGlobalSection
	GlobalSection(ProjectConfigurationPlatforms) = postSolution
		{19658E9E-7D20-4C49-97A5-5F5CF7B27CC5}.Debug|Any CPU.ActiveCfg = Debug|Any CPU
		{19658E9E-7D20-4C49-97A5-5F5CF7B27CC5}.Debug|Any CPU.Build.0 = Debug|Any CPU
		{19658E9E-7D20-4C49-97A5-5F5CF7B27CC5}.Release|Any CPU.ActiveCfg = Release|Any CPU
		{19658E9E-7D20-4C49-97A5-5F5CF7B27CC5}.Release|Any CPU.Build.0 = Release|Any CPU
	EndGlobalSection
	GlobalSection(SolutionProperties) = preSolution
		HideSolutionNode = FALSE
	EndGlobalSection
	GlobalSection(ExtensibilityGlobals) = postSolution
		SolutionGuid = {C9CEE30F-DA51-4AE1-937A-A7175AA17B8C}
	EndGlobalSection
EndGlobal
